
Microsoft Visual Studio Solution File, Format Version 12.00
# Visual Studio Version 17
VisualStudioVersion = 17.0.31903.59
MinimumVisualStudioVersion = 10.0.40219.1
Project("{2150E333-8FDC-42A3-9474-1A3956D46DE8}") = "src", "src", "{EE89FB2E-F6BC-4796-BE19-A03BB1F571D1}"
EndProject
Project("{FAE04EC0-301F-11D3-BF4B-00C04F79EFBC}") = "MonadicSharp.Agents", "src\MonadicSharp.Agents\MonadicSharp.Agents.csproj", "{0F4A1D08-BF22-4F74-9FF1-72F40E784F89}"
EndProject
Project("{FAE04EC0-301F-11D3-BF4B-00C04F79EFBC}") = "MonadicSharp.Security", "src\MonadicSharp.Security\MonadicSharp.Security.csproj", "{105CFC58-5D96-40BC-8141-1AA8907A9698}"
EndProject
Project("{2150E333-8FDC-42A3-9474-1A3956D46DE8}") = "tests", "tests", "{160BFA79-8D43-4338-BB86-AC6CE1053ACA}"
EndProject
Project("{FAE04EC0-301F-11D3-BF4B-00C04F79EFBC}") = "MonadicSharp.Agents.Tests", "tests\MonadicSharp.Agents.Tests\MonadicSharp.Agents.Tests.csproj", "{2622DB9B-ED34-4852-9D20-24F8D056A703}"
EndProject
Project("{FAE04EC0-301F-11D3-BF4B-00C04F79EFBC}") = "MonadicSharp.Security.Tests", "tests\MonadicSharp.Security.Tests\MonadicSharp.Security.Tests.csproj", "{23E3DD2B-93D8-42AE-9381-D079BFE3945D}"
EndProject
Project("{FAE04EC0-301F-11D3-BF4B-00C04F79EFBC}") = "MonadicSharp.Telemetry", "src\MonadicSharp.Telemetry\MonadicSharp.Telemetry.csproj", "{AF533D6A-F07F-4A08-8DFF-66ED0B1B6D6A}"
EndProject
Project("{FAE04EC0-301F-11D3-BF4B-00C04F79EFBC}") = "MonadicSharp.Telemetry.Tests", "tests\MonadicSharp.Telemetry.Tests\MonadicSharp.Telemetry.Tests.csproj", "{4E836705-6016-466E-B0B6-B1D0BCD541BF}"
EndProject
Project("{FAE04EC0-301F-11D3-BF4B-00C04F79EFBC}") = "MonadicSharp.Caching", "src\MonadicSharp.Caching\MonadicSharp.Caching.csproj", "{E0760C66-F7A7-4BA6-8AC6-90C5A1E1AC10}"
EndProject
Project("{FAE04EC0-301F-11D3-BF4B-00C04F79EFBC}") = "MonadicSharp.Caching.Tests", "tests\MonadicSharp.Caching.Tests\MonadicSharp.Caching.Tests.csproj", "{5BF2DAD3-2875-44DA-B463-DEDD23E1AB41}"
EndProject
Project("{FAE04EC0-301F-11D3-BF4B-00C04F79EFBC}") = "MonadicSharp.Http", "src\MonadicSharp.Http\MonadicSharp.Http.csproj", "{5A945669-0908-46E7-B772-483DC7090B7F}"
EndProject
Project("{FAE04EC0-301F-11D3-BF4B-00C04F79EFBC}") = "MonadicSharp.Http.Tests", "tests\MonadicSharp.Http.Tests\MonadicSharp.Http.Tests.csproj", "{119968F5-3915-41B3-9B54-4F6F74DC32F9}"
EndProject
Global
	GlobalSection(SolutionConfigurationPlatforms) = preSolution
		Debug|Any CPU = Debug|Any CPU
		Release|Any CPU = Release|Any CPU
	EndGlobalSection
	GlobalSection(SolutionProperties) = preSolution
		HideSolutionNode = FALSE
	EndGlobalSection
	GlobalSection(ProjectConfigurationPlatforms) = postSolution
		{0F4A1D08-BF22-4F74-9FF1-72F40E784F89}.Debug|Any CPU.ActiveCfg = Debug|Any CPU
		{0F4A1D08-BF22-4F74-9FF1-72F40E784F89}.Debug|Any CPU.Build.0 = Debug|Any CPU
		{0F4A1D08-BF22-4F74-9FF1-72F40E784F89}.Release|Any CPU.ActiveCfg = Release|Any CPU
		{0F4A1D08-BF22-4F74-9FF1-72F40E784F89}.Release|Any CPU.Build.0 = Release|Any CPU
		{105CFC58-5D96-40BC-8141-1AA8907A9698}.Debug|Any CPU.ActiveCfg = Debug|Any CPU
		{105CFC58-5D96-40BC-8141-1AA8907A9698}.Debug|Any CPU.Build.0 = Debug|Any CPU
		{105CFC58-5D96-40BC-8141-1AA8907A9698}.Release|Any CPU.ActiveCfg = Release|Any CPU
		{105CFC58-5D96-40BC-8141-1AA8907A9698}.Release|Any CPU.Build.0 = Release|Any CPU
		{2622DB9B-ED34-4852-9D20-24F8D056A703}.Debug|Any CPU.ActiveCfg = Debug|Any CPU
		{2622DB9B-ED34-4852-9D20-24F8D056A703}.Debug|Any CPU.Build.0 = Debug|Any CPU
		{2622DB9B-ED34-4852-9D20-24F8D056A703}.Release|Any CPU.ActiveCfg = Release|Any CPU
		{2622DB9B-ED34-4852-9D20-24F8D056A703}.Release|Any CPU.Build.0 = Release|Any CPU
		{23E3DD2B-93D8-42AE-9381-D079BFE3945D}.Debug|Any CPU.ActiveCfg = Debug|Any CPU
		{23E3DD2B-93D8-42AE-9381-D079BFE3945D}.Debug|Any CPU.Build.0 = Debug|Any CPU
		{23E3DD2B-93D8-42AE-9381-D079BFE3945D}.Release|Any CPU.ActiveCfg = Release|Any CPU
		{23E3DD2B-93D8-42AE-9381-D079BFE3945D}.Release|Any CPU.Build.0 = Release|Any CPU
		{AF533D6A-F07F-4A08-8DFF-66ED0B1B6D6A}.Debug|Any CPU.ActiveCfg = Debug|Any CPU
		{AF533D6A-F07F-4A08-8DFF-66ED0B1B6D6A}.Debug|Any CPU.Build.0 = Debug|Any CPU
		{AF533D6A-F07F-4A08-8DFF-66ED0B1B6D6A}.Release|Any CPU.ActiveCfg = Release|Any CPU
		{AF533D6A-F07F-4A08-8DFF-66ED0B1B6D6A}.Release|Any CPU.Build.0 = Release|Any CPU
		{4E836705-6016-466E-B0B6-B1D0BCD541BF}.Debug|Any CPU.ActiveCfg = Debug|Any CPU
		{4E836705-6016-466E-B0B6-B1D0BCD541BF}.Debug|Any CPU.Build.0 = Debug|Any CPU
		{4E836705-6016-466E-B0B6-B1D0BCD541BF}.Release|Any CPU.ActiveCfg = Release|Any CPU
		{4E836705-6016-466E-B0B6-B1D0BCD541BF}.Release|Any CPU.Build.0 = Release|Any CPU
		{E0760C66-F7A7-4BA6-8AC6-90C5A1E1AC10}.Debug|Any CPU.ActiveCfg = Debug|Any CPU
		{E0760C66-F7A7-4BA6-8AC6-90C5A1E1AC10}.Debug|Any CPU.Build.0 = Debug|Any CPU
		{E0760C66-F7A7-4BA6-8AC6-90C5A1E1AC10}.Release|Any CPU.ActiveCfg = Release|Any CPU
		{E0760C66-F7A7-4BA6-8AC6-90C5A1E1AC10}.Release|Any CPU.Build.0 = Release|Any CPU
		{5BF2DAD3-2875-44DA-B463-DEDD23E1AB41}.Debug|Any CPU.ActiveCfg = Debug|Any CPU
		{5BF2DAD3-2875-44DA-B463-DEDD23E1AB41}.Debug|Any CPU.Build.0 = Debug|Any CPU
		{5BF2DAD3-2875-44DA-B463-DEDD23E1AB41}.Release|Any CPU.ActiveCfg = Release|Any CPU
		{5BF2DAD3-2875-44DA-B463-DEDD23E1AB41}.Release|Any CPU.Build.0 = Release|Any CPU
		{5A945669-0908-46E7-B772-483DC7090B7F}.Debug|Any CPU.ActiveCfg = Debug|Any CPU
		{5A945669-0908-46E7-B772-483DC7090B7F}.Debug|Any CPU.Build.0 = Debug|Any CPU
		{5A945669-0908-46E7-B772-483DC7090B7F}.Release|Any CPU.ActiveCfg = Release|Any CPU
		{5A945669-0908-46E7-B772-483DC7090B7F}.Release|Any CPU.Build.0 = Release|Any CPU
		{119968F5-3915-41B3-9B54-4F6F74DC32F9}.Debug|Any CPU.ActiveCfg = Debug|Any CPU
		{119968F5-3915-41B3-9B54-4F6F74DC32F9}.Debug|Any CPU.Build.0 = Debug|Any CPU
		{119968F5-3915-41B3-9B54-4F6F74DC32F9}.Release|Any CPU.ActiveCfg = Release|Any CPU
		{119968F5-3915-41B3-9B54-4F6F74DC32F9}.Release|Any CPU.Build.0 = Release|Any CPU
	EndGlobalSection
	GlobalSection(NestedProjects) = preSolution
		{0F4A1D08-BF22-4F74-9FF1-72F40E784F89} = {EE89FB2E-F6BC-4796-BE19-A03BB1F571D1}
		{105CFC58-5D96-40BC-8141-1AA8907A9698} = {EE89FB2E-F6BC-4796-BE19-A03BB1F571D1}
		{2622DB9B-ED34-4852-9D20-24F8D056A703} = {160BFA79-8D43-4338-BB86-AC6CE1053ACA}
		{23E3DD2B-93D8-42AE-9381-D079BFE3945D} = {160BFA79-8D43-4338-BB86-AC6CE1053ACA}
		{AF533D6A-F07F-4A08-8DFF-66ED0B1B6D6A} = {EE89FB2E-F6BC-4796-BE19-A03BB1F571D1}
		{4E836705-6016-466E-B0B6-B1D0BCD541BF} = {160BFA79-8D43-4338-BB86-AC6CE1053ACA}
		{E0760C66-F7A7-4BA6-8AC6-90C5A1E1AC10} = {EE89FB2E-F6BC-4796-BE19-A03BB1F571D1}
		{5BF2DAD3-2875-44DA-B463-DEDD23E1AB41} = {160BFA79-8D43-4338-BB86-AC6CE1053ACA}
		{5A945669-0908-46E7-B772-483DC7090B7F} = {EE89FB2E-F6BC-4796-BE19-A03BB1F571D1}
		{119968F5-3915-41B3-9B54-4F6F74DC32F9} = {160BFA79-8D43-4338-BB86-AC6CE1053ACA}
	EndGlobalSection
EndGlobal
